
Microsoft Visual Studio Solution File, Format Version 12.00
# Visual Studio 14
VisualStudioVersion = 14.0.23107.0
MinimumVisualStudioVersion = 10.0.40219.1
Project("{FAE04EC0-301F-11D3-BF4B-00C04F79EFBC}") = "teamProjectConsole", "teamProjectConsole\teamProjectConsole.csproj", "{2AFC4B99-AAA1-4235-8DB0-67C9ED3C0777}"
EndProject
Project("{FAE04EC0-301F-11D3-BF4B-00C04F79EFBC}") = "TelegrammClient", "TelegrammClient\TelegrammClient.csproj", "{083D1042-2B2D-4476-BEAE-7C9D5CCC483C}"
EndProject
Project("{FAE04EC0-301F-11D3-BF4B-00C04F79EFBC}") = "DBClasses", "DBClasses\DBClasses.csproj", "{F4D1AD61-55B9-4D7A-855F-07A7D956BE13}"
EndProject
Global
	GlobalSection(SolutionConfigurationPlatforms) = preSolution
		Debug|Any CPU = Debug|Any CPU
		Release|Any CPU = Release|Any CPU
	EndGlobalSection
	GlobalSection(ProjectConfigurationPlatforms) = postSolution
		{2AFC4B99-AAA1-4235-8DB0-67C9ED3C0777}.Debug|Any CPU.ActiveCfg = Debug|Any CPU
		{2AFC4B99-AAA1-4235-8DB0-67C9ED3C0777}.Debug|Any CPU.Build.0 = Debug|Any CPU
		{2AFC4B99-AAA1-4235-8DB0-67C9ED3C0777}.Release|Any CPU.ActiveCfg = Release|Any CPU
		{2AFC4B99-AAA1-4235-8DB0-67C9ED3C0777}.Release|Any CPU.Build.0 = Release|Any CPU
		{083D1042-2B2D-4476-BEAE-7C9D5CCC483C}.Debug|Any CPU.ActiveCfg = Debug|Any CPU
		{083D1042-2B2D-4476-BEAE-7C9D5CCC483C}.Debug|Any CPU.Build.0 = Debug|Any CPU
		{083D1042-2B2D-4476-BEAE-7C9D5CCC483C}.Release|Any CPU.ActiveCfg = Release|Any CPU
		{083D1042-2B2D-4476-BEAE-7C9D5CCC483C}.Release|Any CPU.Build.0 = Release|Any CPU
		{F4D1AD61-55B9-4D7A-855F-07A7D956BE13}.Debug|Any CPU.ActiveCfg = Debug|Any CPU
		{F4D1AD61-55B9-4D7A-855F-07A7D956BE13}.Debug|Any CPU.Build.0 = Debug|Any CPU
		{F4D1AD61-55B9-4D7A-855F-07A7D956BE13}.Release|Any CPU.ActiveCfg = Release|Any CPU
		{F4D1AD61-55B9-4D7A-855F-07A7D956BE13}.Release|Any CPU.Build.0 = Release|Any CPU
	EndGlobalSection
	GlobalSection(SolutionProperties) = preSolution
		HideSolutionNode = FALSE
	EndGlobalSection
EndGlobal
